PODS:
  - BSCountryViewController (0.1.1)

DEPENDENCIES:
  - BSCountryViewController (from `../`)

EXTERNAL SOURCES:
  BSCountryViewController:
    :path: "../"

SPEC CHECKSUMS:
  BSCountryViewController: 5b631f58a831bc97552f9d55ac873b50f056f377

PODFILE CHECKSUM: 0faac090edef98d229d748a3cde1aa30f938f46e

COCOAPODS: 1.8.4
